// !$*UTF8*$!
{
	archiveVersion = 1;
	classes = {
	};
	objectVersion = 50;
	objects = {

/* Begin PBXBuildFile section */
		C28DD0FA23F2202300AA74D5 /* PDAlertVC.swift in Sources */ = {isa = PBXBuildFile; fileRef = C28DD0F923F2202300AA74D5 /* PDAlertVC.swift */; };
		C28DD0FC23F2206800AA74D5 /* PDTitleLabel.swift in Sources */ = {isa = PBXBuildFile; fileRef = C28DD0FB23F2206800AA74D5 /* PDTitleLabel.swift */; };
		C28DD0FE23F2212200AA74D5 /* PDBodyLabel.swift in Sources */ = {isa = PBXBuildFile; fileRef = C28DD0FD23F2212200AA74D5 /* PDBodyLabel.swift */; };
		C28DD10023F2218900AA74D5 /* UIViewController+Ext.swift in Sources */ = {isa = PBXBuildFile; fileRef = C28DD0FF23F2218900AA74D5 /* UIViewController+Ext.swift */; };
		C28DD10223F221F000AA74D5 /* PDButton.swift in Sources */ = {isa = PBXBuildFile; fileRef = C28DD10123F221F000AA74D5 /* PDButton.swift */; };
		E55FC98B23F12E4200F38240 /* PokemonListVC.swift in Sources */ = {isa = PBXBuildFile; fileRef = E55FC98A23F12E4200F38240 /* PokemonListVC.swift */; };
		E55FC98D23F12E6900F38240 /* FavoritesListVC.swift in Sources */ = {isa = PBXBuildFile; fileRef = E55FC98C23F12E6900F38240 /* FavoritesListVC.swift */; };
		E57D51D023F1044A001C38A8 /* AppDelegate.swift in Sources */ = {isa = PBXBuildFile; fileRef = E57D51CF23F1044A001C38A8 /* AppDelegate.swift */; };
		E57D51D223F1044A001C38A8 /* SceneDelegate.swift in Sources */ = {isa = PBXBuildFile; fileRef = E57D51D123F1044A001C38A8 /* SceneDelegate.swift */; };
		E57D51D923F1044B001C38A8 /* Assets.xcassets in Resources */ = {isa = PBXBuildFile; fileRef = E57D51D823F1044B001C38A8 /* Assets.xcassets */; };
		E57D51DC23F1044B001C38A8 /* LaunchScreen.storyboard in Resources */ = {isa = PBXBuildFile; fileRef = E57D51DA23F1044B001C38A8 /* LaunchScreen.storyboard */; };
		E57D51E723F1044B001C38A8 /* PokedexTests.swift in Sources */ = {isa = PBXBuildFile; fileRef = E57D51E623F1044B001C38A8 /* PokedexTests.swift */; };
		E57D51F223F1044B001C38A8 /* PokedexUITests.swift in Sources */ = {isa = PBXBuildFile; fileRef = E57D51F123F1044B001C38A8 /* PokedexUITests.swift */; };
/* End PBXBuildFile section */

/* Begin PBXContainerItemProxy section */
		E57D51E323F1044B001C38A8 /* PBXContainerItemProxy */ = {
			isa = PBXContainerItemProxy;
			containerPortal = E57D51C423F1044A001C38A8 /* Project object */;
			proxyType = 1;
			remoteGlobalIDString = E57D51CB23F1044A001C38A8;
			remoteInfo = Pokedex;
		};
		E57D51EE23F1044B001C38A8 /* PBXContainerItemProxy */ = {
			isa = PBXContainerItemProxy;
			containerPortal = E57D51C423F1044A001C38A8 /* Project object */;
			proxyType = 1;
			remoteGlobalIDString = E57D51CB23F1044A001C38A8;
			remoteInfo = Pokedex;
		};
/* End PBXContainerItemProxy section */

/* Begin PBXFileReference section */
		C28DD0F923F2202300AA74D5 /* PDAlertVC.swift */ = {isa = PBXFileReference; lastKnownFileType = sourcecode.swift; path = PDAlertVC.swift; sourceTree = "<group>"; };
		C28DD0FB23F2206800AA74D5 /* PDTitleLabel.swift */ = {isa = PBXFileReference; lastKnownFileType = sourcecode.swift; path = PDTitleLabel.swift; sourceTree = "<group>"; };
		C28DD0FD23F2212200AA74D5 /* PDBodyLabel.swift */ = {isa = PBXFileReference; lastKnownFileType = sourcecode.swift; path = PDBodyLabel.swift; sourceTree = "<group>"; };
		C28DD0FF23F2218900AA74D5 /* UIViewController+Ext.swift */ = {isa = PBXFileReference; lastKnownFileType = sourcecode.swift; path = "UIViewController+Ext.swift"; sourceTree = "<group>"; };
		C28DD10123F221F000AA74D5 /* PDButton.swift */ = {isa = PBXFileReference; lastKnownFileType = sourcecode.swift; path = PDButton.swift; sourceTree = "<group>"; };
		E55FC98A23F12E4200F38240 /* PokemonListVC.swift */ = {isa = PBXFileReference; lastKnownFileType = sourcecode.swift; path = PokemonListVC.swift; sourceTree = "<group>"; };
		E55FC98C23F12E6900F38240 /* FavoritesListVC.swift */ = {isa = PBXFileReference; lastKnownFileType = sourcecode.swift; path = FavoritesListVC.swift; sourceTree = "<group>"; };
		E57D51CC23F1044A001C38A8 /* Pokedex.app */ = {isa = PBXFileReference; explicitFileType = wrapper.application; includeInIndex = 0; path = Pokedex.app; sourceTree = BUILT_PRODUCTS_DIR; };
		E57D51CF23F1044A001C38A8 /* AppDelegate.swift */ = {isa = PBXFileReference; lastKnownFileType = sourcecode.swift; path = AppDelegate.swift; sourceTree = "<group>"; };
		E57D51D123F1044A001C38A8 /* SceneDelegate.swift */ = {isa = PBXFileReference; lastKnownFileType = sourcecode.swift; path = SceneDelegate.swift; sourceTree = "<group>"; };
		E57D51D823F1044B001C38A8 /* Assets.xcassets */ = {isa = PBXFileReference; lastKnownFileType = folder.assetcatalog; path = Assets.xcassets; sourceTree = "<group>"; };
		E57D51DB23F1044B001C38A8 /* Base */ = {isa = PBXFileReference; lastKnownFileType = file.storyboard; name = Base; path = Base.lproj/LaunchScreen.storyboard; sourceTree = "<group>"; };
		E57D51DD23F1044B001C38A8 /* Info.plist */ = {isa = PBXFileReference; lastKnownFileType = text.plist.xml; path = Info.plist; sourceTree = "<group>"; };
		E57D51E223F1044B001C38A8 /* PokedexTests.xctest */ = {isa = PBXFileReference; explicitFileType = wrapper.cfbundle; includeInIndex = 0; path = PokedexTests.xctest; sourceTree = BUILT_PRODUCTS_DIR; };
		E57D51E623F1044B001C38A8 /* PokedexTests.swift */ = {isa = PBXFileReference; lastKnownFileType = sourcecode.swift; path = PokedexTests.swift; sourceTree = "<group>"; };
		E57D51E823F1044B001C38A8 /* Info.plist */ = {isa = PBXFileReference; lastKnownFileType = text.plist.xml; path = Info.plist; sourceTree = "<group>"; };
		E57D51ED23F1044B001C38A8 /* PokedexUITests.xctest */ = {isa = PBXFileReference; explicitFileType = wrapper.cfbundle; includeInIndex = 0; path = PokedexUITests.xctest; sourceTree = BUILT_PRODUCTS_DIR; };
		E57D51F123F1044B001C38A8 /* PokedexUITests.swift */ = {isa = PBXFileReference; lastKnownFileType = sourcecode.swift; path = PokedexUITests.swift; sourceTree = "<group>"; };
		E57D51F323F1044B001C38A8 /* Info.plist */ = {isa = PBXFileReference; lastKnownFileType = text.plist.xml; path = Info.plist; sourceTree = "<group>"; };
/* End PBXFileReference section */

/* Begin PBXFrameworksBuildPhase section */
		E57D51C923F1044A001C38A8 /* Frameworks */ = {
			isa = PBXFrameworksBuildPhase;
			buildActionMask = 2147483647;
			files = (
			);
			runOnlyForDeploymentPostprocessing = 0;
		};
		E57D51DF23F1044B001C38A8 /* Frameworks */ = {
			isa = PBXFrameworksBuildPhase;
			buildActionMask = 2147483647;
			files = (
			);
			runOnlyForDeploymentPostprocessing = 0;
		};
		E57D51EA23F1044B001C38A8 /* Frameworks */ = {
			isa = PBXFrameworksBuildPhase;
			buildActionMask = 2147483647;
			files = (
			);
			runOnlyForDeploymentPostprocessing = 0;
		};
/* End PBXFrameworksBuildPhase section */

/* Begin PBXGroup section */
		E55FC98E23F12F0600F38240 /* Screens */ = {
			isa = PBXGroup;
			children = (
				E55FC98A23F12E4200F38240 /* PokemonListVC.swift */,
				E55FC98C23F12E6900F38240 /* FavoritesListVC.swift */,
			);
			path = Screens;
			sourceTree = "<group>";
		};
		E55FC98F23F12F1700F38240 /* Support */ = {
			isa = PBXGroup;
			children = (
				E57D51CF23F1044A001C38A8 /* AppDelegate.swift */,
				E57D51D123F1044A001C38A8 /* SceneDelegate.swift */,
				E57D51D823F1044B001C38A8 /* Assets.xcassets */,
				E57D51DA23F1044B001C38A8 /* LaunchScreen.storyboard */,
			);
			path = Support;
			sourceTree = "<group>";
		};
		E57D51C323F1044A001C38A8 = {
			isa = PBXGroup;
			children = (
				E57D51CE23F1044A001C38A8 /* Pokedex */,
				E57D51E523F1044B001C38A8 /* PokedexTests */,
				E57D51F023F1044B001C38A8 /* PokedexUITests */,
				E57D51CD23F1044A001C38A8 /* Products */,
			);
			sourceTree = "<group>";
		};
		E57D51CD23F1044A001C38A8 /* Products */ = {
			isa = PBXGroup;
			children = (
				E57D51CC23F1044A001C38A8 /* Pokedex.app */,
				E57D51E223F1044B001C38A8 /* PokedexTests.xctest */,
				E57D51ED23F1044B001C38A8 /* PokedexUITests.xctest */,
			);
			name = Products;
			sourceTree = "<group>";
		};
		E57D51CE23F1044A001C38A8 /* Pokedex */ = {
			isa = PBXGroup;
			children = (
				E55FC98F23F12F1700F38240 /* Support */,
				E55FC98E23F12F0600F38240 /* Screens */,
				E57D51DD23F1044B001C38A8 /* Info.plist */,
				C28DD0F923F2202300AA74D5 /* PDAlertVC.swift */,
				C28DD0FB23F2206800AA74D5 /* PDTitleLabel.swift */,
				C28DD0FD23F2212200AA74D5 /* PDBodyLabel.swift */,
				C28DD0FF23F2218900AA74D5 /* UIViewController+Ext.swift */,
				C28DD10123F221F000AA74D5 /* PDButton.swift */,
			);
			path = Pokedex;
			sourceTree = "<group>";
		};
		E57D51E523F1044B001C38A8 /* PokedexTests */ = {
			isa = PBXGroup;
			children = (
				E57D51E623F1044B001C38A8 /* PokedexTests.swift */,
				E57D51E823F1044B001C38A8 /* Info.plist */,
			);
			path = PokedexTests;
			sourceTree = "<group>";
		};
		E57D51F023F1044B001C38A8 /* PokedexUITests */ = {
			isa = PBXGroup;
			children = (
				E57D51F123F1044B001C38A8 /* PokedexUITests.swift */,
				E57D51F323F1044B001C38A8 /* Info.plist */,
			);
			path = PokedexUITests;
			sourceTree = "<group>";
		};
/* End PBXGroup section */

/* Begin PBXNativeTarget section */
		E57D51CB23F1044A001C38A8 /* Pokedex */ = {
			isa = PBXNativeTarget;
			buildConfigurationList = E57D51F623F1044B001C38A8 /* Build configuration list for PBXNativeTarget "Pokedex" */;
			buildPhases = (
				E57D51C823F1044A001C38A8 /* Sources */,
				E57D51C923F1044A001C38A8 /* Frameworks */,
				E57D51CA23F1044A001C38A8 /* Resources */,
			);
			buildRules = (
			);
			dependencies = (
			);
			name = Pokedex;
			productName = Pokedex;
			productReference = E57D51CC23F1044A001C38A8 /* Pokedex.app */;
			productType = "com.apple.product-type.application";
		};
		E57D51E123F1044B001C38A8 /* PokedexTests */ = {
			isa = PBXNativeTarget;
			buildConfigurationList = E57D51F923F1044B001C38A8 /* Build configuration list for PBXNativeTarget "PokedexTests" */;
			buildPhases = (
				E57D51DE23F1044B001C38A8 /* Sources */,
				E57D51DF23F1044B001C38A8 /* Frameworks */,
				E57D51E023F1044B001C38A8 /* Resources */,
			);
			buildRules = (
			);
			dependencies = (
				E57D51E423F1044B001C38A8 /* PBXTargetDependency */,
			);
			name = PokedexTests;
			productName = PokedexTests;
			productReference = E57D51E223F1044B001C38A8 /* PokedexTests.xctest */;
			productType = "com.apple.product-type.bundle.unit-test";
		};
		E57D51EC23F1044B001C38A8 /* PokedexUITests */ = {
			isa = PBXNativeTarget;
			buildConfigurationList = E57D51FC23F1044B001C38A8 /* Build configuration list for PBXNativeTarget "PokedexUITests" */;
			buildPhases = (
				E57D51E923F1044B001C38A8 /* Sources */,
				E57D51EA23F1044B001C38A8 /* Frameworks */,
				E57D51EB23F1044B001C38A8 /* Resources */,
			);
			buildRules = (
			);
			dependencies = (
				E57D51EF23F1044B001C38A8 /* PBXTargetDependency */,
			);
			name = PokedexUITests;
			productName = PokedexUITests;
			productReference = E57D51ED23F1044B001C38A8 /* PokedexUITests.xctest */;
			productType = "com.apple.product-type.bundle.ui-testing";
		};
/* End PBXNativeTarget section */

/* Begin PBXProject section */
		E57D51C423F1044A001C38A8 /* Project object */ = {
			isa = PBXProject;
			attributes = {
				LastSwiftUpdateCheck = 1130;
				LastUpgradeCheck = 1130;
				ORGANIZATIONNAME = "Felix Lin";
				TargetAttributes = {
					E57D51CB23F1044A001C38A8 = {
						CreatedOnToolsVersion = 11.3.1;
					};
					E57D51E123F1044B001C38A8 = {
						CreatedOnToolsVersion = 11.3.1;
						TestTargetID = E57D51CB23F1044A001C38A8;
					};
					E57D51EC23F1044B001C38A8 = {
						CreatedOnToolsVersion = 11.3.1;
						TestTargetID = E57D51CB23F1044A001C38A8;
					};
				};
			};
			buildConfigurationList = E57D51C723F1044A001C38A8 /* Build configuration list for PBXProject "Pokedex" */;
			compatibilityVersion = "Xcode 9.3";
			developmentRegion = en;
			hasScannedForEncodings = 0;
			knownRegions = (
				en,
				Base,
			);
			mainGroup = E57D51C323F1044A001C38A8;
			productRefGroup = E57D51CD23F1044A001C38A8 /* Products */;
			projectDirPath = "";
			projectRoot = "";
			targets = (
				E57D51CB23F1044A001C38A8 /* Pokedex */,
				E57D51E123F1044B001C38A8 /* PokedexTests */,
				E57D51EC23F1044B001C38A8 /* PokedexUITests */,
			);
		};
/* End PBXProject section */

/* Begin PBXResourcesBuildPhase section */
		E57D51CA23F1044A001C38A8 /* Resources */ = {
			isa = PBXResourcesBuildPhase;
			buildActionMask = 2147483647;
			files = (
				E57D51DC23F1044B001C38A8 /* LaunchScreen.storyboard in Resources */,
				E57D51D923F1044B001C38A8 /* Assets.xcassets in Resources */,
			);
			runOnlyForDeploymentPostprocessing = 0;
		};
		E57D51E023F1044B001C38A8 /* Resources */ = {
			isa = PBXResourcesBuildPhase;
			buildActionMask = 2147483647;
			files = (
			);
			runOnlyForDeploymentPostprocessing = 0;
		};
		E57D51EB23F1044B001C38A8 /* Resources */ = {
			isa = PBXResourcesBuildPhase;
			buildActionMask = 2147483647;
			files = (
			);
			runOnlyForDeploymentPostprocessing = 0;
		};
/* End PBXResourcesBuildPhase section */

/* Begin PBXSourcesBuildPhase section */
		E57D51C823F1044A001C38A8 /* Sources */ = {
			isa = PBXSourcesBuildPhase;
			buildActionMask = 2147483647;
			files = (
				E55FC98D23F12E6900F38240 /* FavoritesListVC.swift in Sources */,
				E57D51D023F1044A001C38A8 /* AppDelegate.swift in Sources */,
				E55FC98B23F12E4200F38240 /* PokemonListVC.swift in Sources */,
				C28DD0FE23F2212200AA74D5 /* PDBodyLabel.swift in Sources */,
				C28DD10223F221F000AA74D5 /* PDButton.swift in Sources */,
				C28DD0FC23F2206800AA74D5 /* PDTitleLabel.swift in Sources */,
				C28DD0FA23F2202300AA74D5 /* PDAlertVC.swift in Sources */,
				C28DD10023F2218900AA74D5 /* UIViewController+Ext.swift in Sources */,
				E57D51D223F1044A001C38A8 /* SceneDelegate.swift in Sources */,
			);
			runOnlyForDeploymentPostprocessing = 0;
		};
		E57D51DE23F1044B001C38A8 /* Sources */ = {
			isa = PBXSourcesBuildPhase;
			buildActionMask = 2147483647;
			files = (
				E57D51E723F1044B001C38A8 /* PokedexTests.swift in Sources */,
			);
			runOnlyForDeploymentPostprocessing = 0;
		};
		E57D51E923F1044B001C38A8 /* Sources */ = {
			isa = PBXSourcesBuildPhase;
			buildActionMask = 2147483647;
			files = (
				E57D51F223F1044B001C38A8 /* PokedexUITests.swift in Sources */,
			);
			runOnlyForDeploymentPostprocessing = 0;
		};
/* End PBXSourcesBuildPhase section */

/* Begin PBXTargetDependency section */
		E57D51E423F1044B001C38A8 /* PBXTargetDependency */ = {
			isa = PBXTargetDependency;
			target = E57D51CB23F1044A001C38A8 /* Pokedex */;
			targetProxy = E57D51E323F1044B001C38A8 /* PBXContainerItemProxy */;
		};
		E57D51EF23F1044B001C38A8 /* PBXTargetDependency */ = {
			isa = PBXTargetDependency;
			target = E57D51CB23F1044A001C38A8 /* Pokedex */;
			targetProxy = E57D51EE23F1044B001C38A8 /* PBXContainerItemProxy */;
		};
/* End PBXTargetDependency section */

/* Begin PBXVariantGroup section */
		E57D51DA23F1044B001C38A8 /* LaunchScreen.storyboard */ = {
			isa = PBXVariantGroup;
			children = (
				E57D51DB23F1044B001C38A8 /* Base */,
			);
			name = LaunchScreen.storyboard;
			sourceTree = "<group>";
		};
/* End PBXVariantGroup section */

/* Begin XCBuildConfiguration section */
		E57D51F423F1044B001C38A8 /* Debug */ = {
			isa = XCBuildConfiguration;
			buildSettings = {
				ALWAYS_SEARCH_USER_PATHS = NO;
				CLANG_ANALYZER_NONNULL = YES;
				CLANG_ANALYZER_NUMBER_OBJECT_CONVERSION = YES_AGGRESSIVE;
				CLANG_CXX_LANGUAGE_STANDARD = "gnu++14";
				CLANG_CXX_LIBRARY = "libc++";
				CLANG_ENABLE_MODULES = YES;
				CLANG_ENABLE_OBJC_ARC = YES;
				CLANG_ENABLE_OBJC_WEAK = YES;
				CLANG_WARN_BLOCK_CAPTURE_AUTORELEASING = YES;
				CLANG_WARN_BOOL_CONVERSION = YES;
				CLANG_WARN_COMMA = YES;
				CLANG_WARN_CONSTANT_CONVERSION = YES;
				CLANG_WARN_DEPRECATED_OBJC_IMPLEMENTATIONS = YES;
				CLANG_WARN_DIRECT_OBJC_ISA_USAGE = YES_ERROR;
				CLANG_WARN_DOCUMENTATION_COMMENTS = YES;
				CLANG_WARN_EMPTY_BODY = YES;
				CLANG_WARN_ENUM_CONVERSION = YES;
				CLANG_WARN_INFINITE_RECURSION = YES;
				CLANG_WARN_INT_CONVERSION = YES;
				CLANG_WARN_NON_LITERAL_NULL_CONVERSION = YES;
				CLANG_WARN_OBJC_IMPLICIT_RETAIN_SELF = YES;
				CLANG_WARN_OBJC_LITERAL_CONVERSION = YES;
				CLANG_WARN_OBJC_ROOT_CLASS = YES_ERROR;
				CLANG_WARN_RANGE_LOOP_ANALYSIS = YES;
				CLANG_WARN_STRICT_PROTOTYPES = YES;
				CLANG_WARN_SUSPICIOUS_MOVE = YES;
				CLANG_WARN_UNGUARDED_AVAILABILITY = YES_AGGRESSIVE;
				CLANG_WARN_UNREACHABLE_CODE = YES;
				CLANG_WARN__DUPLICATE_METHOD_MATCH = YES;
				COPY_PHASE_STRIP = NO;
				DEBUG_INFORMATION_FORMAT = dwarf;
				ENABLE_STRICT_OBJC_MSGSEND = YES;
				ENABLE_TESTABILITY = YES;
				GCC_C_LANGUAGE_STANDARD = gnu11;
				GCC_DYNAMIC_NO_PIC = NO;
				GCC_NO_COMMON_BLOCKS = YES;
				GCC_OPTIMIZATION_LEVEL = 0;
				GCC_PREPROCESSOR_DEFINITIONS = (
					"DEBUG=1",
					"$(inherited)",
				);
				GCC_WARN_64_TO_32_BIT_CONVERSION = YES;
				GCC_WARN_ABOUT_RETURN_TYPE = YES_ERROR;
				GCC_WARN_UNDECLARED_SELECTOR = YES;
				GCC_WARN_UNINITIALIZED_AUTOS = YES_AGGRESSIVE;
				GCC_WARN_UNUSED_FUNCTION = YES;
				GCC_WARN_UNUSED_VARIABLE = YES;
				IPHONEOS_DEPLOYMENT_TARGET = 13.2;
				MTL_ENABLE_DEBUG_INFO = INCLUDE_SOURCE;
				MTL_FAST_MATH = YES;
				ONLY_ACTIVE_ARCH = YES;
				SDKROOT = iphoneos;
				SWIFT_ACTIVE_COMPILATION_CONDITIONS = DEBUG;
				SWIFT_OPTIMIZATION_LEVEL = "-Onone";
			};
			name = Debug;
		};
		E57D51F523F1044B001C38A8 /* Release */ = {
			isa = XCBuildConfiguration;
			buildSettings = {
				ALWAYS_SEARCH_USER_PATHS = NO;
				CLANG_ANALYZER_NONNULL = YES;
				CLANG_ANALYZER_NUMBER_OBJECT_CONVERSION = YES_AGGRESSIVE;
				CLANG_CXX_LANGUAGE_STANDARD = "gnu++14";
				CLANG_CXX_LIBRARY = "libc++";
				CLANG_ENABLE_MODULES = YES;
				CLANG_ENABLE_OBJC_ARC = YES;
				CLANG_ENABLE_OBJC_WEAK = YES;
				CLANG_WARN_BLOCK_CAPTURE_AUTORELEASING = YES;
				CLANG_WARN_BOOL_CONVERSION = YES;
				CLANG_WARN_COMMA = YES;
				CLANG_WARN_CONSTANT_CONVERSION = YES;
				CLANG_WARN_DEPRECATED_OBJC_IMPLEMENTATIONS = YES;
				CLANG_WARN_DIRECT_OBJC_ISA_USAGE = YES_ERROR;
				CLANG_WARN_DOCUMENTATION_COMMENTS = YES;
				CLANG_WARN_EMPTY_BODY = YES;
				CLANG_WARN_ENUM_CONVERSION = YES;
				CLANG_WARN_INFINITE_RECURSION = YES;
				CLANG_WARN_INT_CONVERSION = YES;
				CLANG_WARN_NON_LITERAL_NULL_CONVERSION = YES;
				CLANG_WARN_OBJC_IMPLICIT_RETAIN_SELF = YES;
				CLANG_WARN_OBJC_LITERAL_CONVERSION = YES;
				CLANG_WARN_OBJC_ROOT_CLASS = YES_ERROR;
				CLANG_WARN_RANGE_LOOP_ANALYSIS = YES;
				CLANG_WARN_STRICT_PROTOTYPES = YES;
				CLANG_WARN_SUSPICIOUS_MOVE = YES;
				CLANG_WARN_UNGUARDED_AVAILABILITY = YES_AGGRESSIVE;
				CLANG_WARN_UNREACHABLE_CODE = YES;
				CLANG_WARN__DUPLICATE_METHOD_MATCH = YES;
				COPY_PHASE_STRIP = NO;
				DEBUG_INFORMATION_FORMAT = "dwarf-with-dsym";
				ENABLE_NS_ASSERTIONS = NO;
				ENABLE_STRICT_OBJC_MSGSEND = YES;
				GCC_C_LANGUAGE_STANDARD = gnu11;
				GCC_NO_COMMON_BLOCKS = YES;
				GCC_WARN_64_TO_32_BIT_CONVERSION = YES;
				GCC_WARN_ABOUT_RETURN_TYPE = YES_ERROR;
				GCC_WARN_UNDECLARED_SELECTOR = YES;
				GCC_WARN_UNINITIALIZED_AUTOS = YES_AGGRESSIVE;
				GCC_WARN_UNUSED_FUNCTION = YES;
				GCC_WARN_UNUSED_VARIABLE = YES;
				IPHONEOS_DEPLOYMENT_TARGET = 13.2;
				MTL_ENABLE_DEBUG_INFO = NO;
				MTL_FAST_MATH = YES;
				SDKROOT = iphoneos;
				SWIFT_COMPILATION_MODE = wholemodule;
				SWIFT_OPTIMIZATION_LEVEL = "-O";
				VALIDATE_PRODUCT = YES;
			};
			name = Release;
		};
		E57D51F723F1044B001C38A8 /* Debug */ = {
			isa = XCBuildConfiguration;
			buildSettings = {
				ASSETCATALOG_COMPILER_APPICON_NAME = AppIcon;
				CODE_SIGN_STYLE = Automatic;
				DEVELOPMENT_TEAM = MVGPSPVTNC;
				INFOPLIST_FILE = Pokedex/Info.plist;
				LD_RUNPATH_SEARCH_PATHS = (
					"$(inherited)",
					"@executable_path/Frameworks",
				);
				PRODUCT_BUNDLE_IDENTIFIER = com.felix.Pokedex;
				PRODUCT_NAME = "$(TARGET_NAME)";
				SWIFT_VERSION = 5.0;
				TARGETED_DEVICE_FAMILY = 1;
			};
			name = Debug;
		};
		E57D51F823F1044B001C38A8 /* Release */ = {
			isa = XCBuildConfiguration;
			buildSettings = {
				ASSETCATALOG_COMPILER_APPICON_NAME = AppIcon;
				CODE_SIGN_STYLE = Automatic;
				DEVELOPMENT_TEAM = MVGPSPVTNC;
				INFOPLIST_FILE = Pokedex/Info.plist;
				LD_RUNPATH_SEARCH_PATHS = (
					"$(inherited)",
					"@executable_path/Frameworks",
				);
				PRODUCT_BUNDLE_IDENTIFIER = com.felix.Pokedex;
				PRODUCT_NAME = "$(TARGET_NAME)";
				SWIFT_VERSION = 5.0;
				TARGETED_DEVICE_FAMILY = 1;
			};
			name = Release;
		};
		E57D51FA23F1044B001C38A8 /* Debug */ = {
			isa = XCBuildConfiguration;
			buildSettings = {
				ALWAYS_EMBED_SWIFT_STANDARD_LIBRARIES = YES;
				BUNDLE_LOADER = "$(TEST_HOST)";
				CODE_SIGN_STYLE = Automatic;
				DEVELOPMENT_TEAM = MVGPSPVTNC;
				INFOPLIST_FILE = PokedexTests/Info.plist;
				IPHONEOS_DEPLOYMENT_TARGET = 13.2;
				LD_RUNPATH_SEARCH_PATHS = (
					"$(inherited)",
					"@executable_path/Frameworks",
					"@loader_path/Frameworks",
				);
				PRODUCT_BUNDLE_IDENTIFIER = com.felix.PokedexTests;
				PRODUCT_NAME = "$(TARGET_NAME)";
				SWIFT_VERSION = 5.0;
				TARGETED_DEVICE_FAMILY = "1,2";
				TEST_HOST = "$(BUILT_PRODUCTS_DIR)/Pokedex.app/Pokedex";
			};
			name = Debug;
		};
		E57D51FB23F1044B001C38A8 /* Release */ = {
			isa = XCBuildConfiguration;
			buildSettings = {
				ALWAYS_EMBED_SWIFT_STANDARD_LIBRARIES = YES;
				BUNDLE_LOADER = "$(TEST_HOST)";
				CODE_SIGN_STYLE = Automatic;
				DEVELOPMENT_TEAM = MVGPSPVTNC;
				INFOPLIST_FILE = PokedexTests/Info.plist;
				IPHONEOS_DEPLOYMENT_TARGET = 13.2;
				LD_RUNPATH_SEARCH_PATHS = (
					"$(inherited)",
					"@executable_path/Frameworks",
					"@loader_path/Frameworks",
				);
				PRODUCT_BUNDLE_IDENTIFIER = com.felix.PokedexTests;
				PRODUCT_NAME = "$(TARGET_NAME)";
				SWIFT_VERSION = 5.0;
				TARGETED_DEVICE_FAMILY = "1,2";
				TEST_HOST = "$(BUILT_PRODUCTS_DIR)/Pokedex.app/Pokedex";
			};
			name = Release;
		};
		E57D51FD23F1044B001C38A8 /* Debug */ = {
			isa = XCBuildConfiguration;
			buildSettings = {
				ALWAYS_EMBED_SWIFT_STANDARD_LIBRARIES = YES;
				CODE_SIGN_STYLE = Automatic;
				DEVELOPMENT_TEAM = MVGPSPVTNC;
				INFOPLIST_FILE = PokedexUITests/Info.plist;
				LD_RUNPATH_SEARCH_PATHS = (
					"$(inherited)",
					"@executable_path/Frameworks",
					"@loader_path/Frameworks",
				);
				PRODUCT_BUNDLE_IDENTIFIER = com.felix.PokedexUITests;
				PRODUCT_NAME = "$(TARGET_NAME)";
				SWIFT_VERSION = 5.0;
				TARGETED_DEVICE_FAMILY = "1,2";
				TEST_TARGET_NAME = Pokedex;
			};
			name = Debug;
		};
		E57D51FE23F1044B001C38A8 /* Release */ = {
			isa = XCBuildConfiguration;
			buildSettings = {
				ALWAYS_EMBED_SWIFT_STANDARD_LIBRARIES = YES;
				CODE_SIGN_STYLE = Automatic;
				DEVELOPMENT_TEAM = MVGPSPVTNC;
				INFOPLIST_FILE = PokedexUITests/Info.plist;
				LD_RUNPATH_SEARCH_PATHS = (
					"$(inherited)",
					"@executable_path/Frameworks",
					"@loader_path/Frameworks",
				);
				PRODUCT_BUNDLE_IDENTIFIER = com.felix.PokedexUITests;
				PRODUCT_NAME = "$(TARGET_NAME)";
				SWIFT_VERSION = 5.0;
				TARGETED_DEVICE_FAMILY = "1,2";
				TEST_TARGET_NAME = Pokedex;
			};
			name = Release;
		};
/* End XCBuildConfiguration section */

/* Begin XCConfigurationList section */
		E57D51C723F1044A001C38A8 /* Build configuration list for PBXProject "Pokedex" */ = {
			isa = XCConfigurationList;
			buildConfigurations = (
				E57D51F423F1044B001C38A8 /* Debug */,
				E57D51F523F1044B001C38A8 /* Release */,
			);
			defaultConfigurationIsVisible = 0;
			defaultConfigurationName = Release;
		};
		E57D51F623F1044B001C38A8 /* Build configuration list for PBXNativeTarget "Pokedex" */ = {
			isa = XCConfigurationList;
			buildConfigurations = (
				E57D51F723F1044B001C38A8 /* Debug */,
				E57D51F823F1044B001C38A8 /* Release */,
			);
			defaultConfigurationIsVisible = 0;
			defaultConfigurationName = Release;
		};
		E57D51F923F1044B001C38A8 /* Build configuration list for PBXNativeTarget "PokedexTests" */ = {
			isa = XCConfigurationList;
			buildConfigurations = (
				E57D51FA23F1044B001C38A8 /* Debug */,
				E57D51FB23F1044B001C38A8 /* Release */,
			);
			defaultConfigurationIsVisible = 0;
			defaultConfigurationName = Release;
		};
		E57D51FC23F1044B001C38A8 /* Build configuration list for PBXNativeTarget "PokedexUITests" */ = {
			isa = XCConfigurationList;
			buildConfigurations = (
				E57D51FD23F1044B001C38A8 /* Debug */,
				E57D51FE23F1044B001C38A8 /* Release */,
			);
			defaultConfigurationIsVisible = 0;
			defaultConfigurationName = Release;
		};
/* End XCConfigurationList section */
	};
	rootObject = E57D51C423F1044A001C38A8 /* Project object */;
}
